
Microsoft Visual Studio Solution File, Format Version 12.00
# Visual Studio 15
VisualStudioVersion = 15.0.27130.2020
MinimumVisualStudioVersion = 10.0.40219.1
Project("{FAE04EC0-301F-11D3-BF4B-00C04F79EFBC}") = "StickyPlusPlus", "StickyPlusPlus.csproj", "{A597322B-8E9D-4BD0-AD85-7BC836DCB66F}"
EndProject
Global
	GlobalSection(SolutionConfigurationPlatforms) = preSolution
		Debug|Any CPU = Debug|Any CPU
		Release|Any CPU = Release|Any CPU
	EndGlobalSection
	GlobalSection(ProjectConfigurationPlatforms) = postSolution
		{A597322B-8E9D-4BD0-AD85-7BC836DCB66F}.Debug|Any CPU.ActiveCfg = Debug|Any CPU
		{A597322B-8E9D-4BD0-AD85-7BC836DCB66F}.Debug|Any CPU.Build.0 = Debug|Any CPU
		{A597322B-8E9D-4BD0-AD85-7BC836DCB66F}.Release|Any CPU.ActiveCfg = Release|Any CPU
		{A597322B-8E9D-4BD0-AD85-7BC836DCB66F}.Release|Any CPU.Build.0 = Release|Any CPU
	EndGlobalSection
	GlobalSection(SolutionProperties) = preSolution
		HideSolutionNode = FALSE
	EndGlobalSection
	GlobalSection(ExtensibilityGlobals) = postSolution
		SolutionGuid = {CAA2A01D-1DD2-452C-BFFD-76E4786E17DB}
	EndGlobalSection
EndGlobal
